
Microsoft Visual Studio Solution File, Format Version 12.00
Project("{2150E333-8FDC-42A3-9474-1A3956D46DE8}") = "ConsoleApps", "ConsoleApps", "{726B01C7-5BA6-48FE-AF5B-7EC06984D07B}"
EndProject
Project("{2150E333-8FDC-42A3-9474-1A3956D46DE8}") = "Services", "Services", "{E0CACC20-BC96-483F-8116-85EDBFC24A7A}"
EndProject
Project("{2150E333-8FDC-42A3-9474-1A3956D46DE8}") = "FluxoCaixa", "FluxoCaixa", "{C59CC7F7-EDBB-42FC-9F3E-10DFDAF4092E}"
EndProject
Project("{2150E333-8FDC-42A3-9474-1A3956D46DE8}") = "Core", "Core", "{43C61183-A7DB-47EB-BC74-B636B37A687A}"
EndProject
Project("{FAE04EC0-301F-11D3-BF4B-00C04F79EFBC}") = "FluxoCaixaArq.FluxoCaixa.Domain", "src\FluxoCaixaArq.FluxoCaixa.Domain\FluxoCaixaArq.FluxoCaixa.Domain.csproj", "{51E9E5E3-D045-4C47-BEEC-52C2A7A1F0C4}"
EndProject
Project("{FAE04EC0-301F-11D3-BF4B-00C04F79EFBC}") = "FluxoCaixaArq.FluxoCaixa.Application", "src\FluxoCaixaArq.FluxoCaixa.Application\FluxoCaixaArq.FluxoCaixa.Application.csproj", "{E8C78C57-5642-4465-B197-376893EA71A5}"
EndProject
Project("{FAE04EC0-301F-11D3-BF4B-00C04F79EFBC}") = "FluxoCaixaArq.Core", "src\FluxoCaixaArq.Core\FluxoCaixaArq.Core.csproj", "{5AFBDC13-07AA-4AF5-972A-9E70909224C4}"
EndProject
Project("{FAE04EC0-301F-11D3-BF4B-00C04F79EFBC}") = "FluxoCaixaArq.FluxoCaixa.Data", "src\FluxoCaixaArq.FluxoCaixa.Data\FluxoCaixaArq.FluxoCaixa.Data.csproj", "{4F3E42AF-B47C-433E-A091-09BED3FEE7C7}"
EndProject
Project("{FAE04EC0-301F-11D3-BF4B-00C04F79EFBC}") = "FluxoCaixaArq.ConsoleApp.Caixa", "src\FluxoCaixaArq.ConsoleApp.Caixa\FluxoCaixaArq.ConsoleApp.Caixa.csproj", "{47D6801E-6E71-4FC9-9584-474426DF9E0A}"
EndProject
Project("{FAE04EC0-301F-11D3-BF4B-00C04F79EFBC}") = "FluxoCaixaArq.FluxoCaixa.Test", "src\FluxoCaixaArq.FluxoCaixa.Test\FluxoCaixaArq.FluxoCaixa.Test.csproj", "{F1F72C66-AC9E-465B-BFA8-6E20BF2E3EFB}"
EndProject
Project("{2150E333-8FDC-42A3-9474-1A3956D46DE8}") = "ConsolidadoCaixa", "ConsolidadoCaixa", "{84890072-7C65-4B5B-BDAC-F6ACEFA3FDD9}"
EndProject
Project("{FAE04EC0-301F-11D3-BF4B-00C04F79EFBC}") = "FluxoCaixaArq.ConsolidadoCaixa.Application", "src\FluxoCaixaArq.ConsolidadoCaixa.Application\FluxoCaixaArq.ConsolidadoCaixa.Application.csproj", "{DB3DC618-34CD-4F10-A606-268BFFDDC97A}"
EndProject
Global
	GlobalSection(SolutionConfigurationPlatforms) = preSolution
		Debug|Any CPU = Debug|Any CPU
		Release|Any CPU = Release|Any CPU
	EndGlobalSection
	GlobalSection(ProjectConfigurationPlatforms) = postSolution
		{51E9E5E3-D045-4C47-BEEC-52C2A7A1F0C4}.Debug|Any CPU.ActiveCfg = Debug|Any CPU
		{51E9E5E3-D045-4C47-BEEC-52C2A7A1F0C4}.Debug|Any CPU.Build.0 = Debug|Any CPU
		{51E9E5E3-D045-4C47-BEEC-52C2A7A1F0C4}.Release|Any CPU.ActiveCfg = Release|Any CPU
		{51E9E5E3-D045-4C47-BEEC-52C2A7A1F0C4}.Release|Any CPU.Build.0 = Release|Any CPU
		{E8C78C57-5642-4465-B197-376893EA71A5}.Debug|Any CPU.ActiveCfg = Debug|Any CPU
		{E8C78C57-5642-4465-B197-376893EA71A5}.Debug|Any CPU.Build.0 = Debug|Any CPU
		{E8C78C57-5642-4465-B197-376893EA71A5}.Release|Any CPU.ActiveCfg = Release|Any CPU
		{E8C78C57-5642-4465-B197-376893EA71A5}.Release|Any CPU.Build.0 = Release|Any CPU
		{5AFBDC13-07AA-4AF5-972A-9E70909224C4}.Debug|Any CPU.ActiveCfg = Debug|Any CPU
		{5AFBDC13-07AA-4AF5-972A-9E70909224C4}.Debug|Any CPU.Build.0 = Debug|Any CPU
		{5AFBDC13-07AA-4AF5-972A-9E70909224C4}.Release|Any CPU.ActiveCfg = Release|Any CPU
		{5AFBDC13-07AA-4AF5-972A-9E70909224C4}.Release|Any CPU.Build.0 = Release|Any CPU
		{4F3E42AF-B47C-433E-A091-09BED3FEE7C7}.Debug|Any CPU.ActiveCfg = Debug|Any CPU
		{4F3E42AF-B47C-433E-A091-09BED3FEE7C7}.Debug|Any CPU.Build.0 = Debug|Any CPU
		{4F3E42AF-B47C-433E-A091-09BED3FEE7C7}.Release|Any CPU.ActiveCfg = Release|Any CPU
		{4F3E42AF-B47C-433E-A091-09BED3FEE7C7}.Release|Any CPU.Build.0 = Release|Any CPU
		{47D6801E-6E71-4FC9-9584-474426DF9E0A}.Debug|Any CPU.ActiveCfg = Debug|Any CPU
		{47D6801E-6E71-4FC9-9584-474426DF9E0A}.Debug|Any CPU.Build.0 = Debug|Any CPU
		{47D6801E-6E71-4FC9-9584-474426DF9E0A}.Release|Any CPU.ActiveCfg = Release|Any CPU
		{47D6801E-6E71-4FC9-9584-474426DF9E0A}.Release|Any CPU.Build.0 = Release|Any CPU
		{F1F72C66-AC9E-465B-BFA8-6E20BF2E3EFB}.Debug|Any CPU.ActiveCfg = Debug|Any CPU
		{F1F72C66-AC9E-465B-BFA8-6E20BF2E3EFB}.Debug|Any CPU.Build.0 = Debug|Any CPU
		{F1F72C66-AC9E-465B-BFA8-6E20BF2E3EFB}.Release|Any CPU.ActiveCfg = Release|Any CPU
		{F1F72C66-AC9E-465B-BFA8-6E20BF2E3EFB}.Release|Any CPU.Build.0 = Release|Any CPU
		{DB3DC618-34CD-4F10-A606-268BFFDDC97A}.Debug|Any CPU.ActiveCfg = Debug|Any CPU
		{DB3DC618-34CD-4F10-A606-268BFFDDC97A}.Debug|Any CPU.Build.0 = Debug|Any CPU
		{DB3DC618-34CD-4F10-A606-268BFFDDC97A}.Release|Any CPU.ActiveCfg = Release|Any CPU
		{DB3DC618-34CD-4F10-A606-268BFFDDC97A}.Release|Any CPU.Build.0 = Release|Any CPU
	EndGlobalSection
	GlobalSection(NestedProjects) = preSolution
		{C59CC7F7-EDBB-42FC-9F3E-10DFDAF4092E} = {E0CACC20-BC96-483F-8116-85EDBFC24A7A}
		{43C61183-A7DB-47EB-BC74-B636B37A687A} = {E0CACC20-BC96-483F-8116-85EDBFC24A7A}
		{51E9E5E3-D045-4C47-BEEC-52C2A7A1F0C4} = {C59CC7F7-EDBB-42FC-9F3E-10DFDAF4092E}
		{E8C78C57-5642-4465-B197-376893EA71A5} = {C59CC7F7-EDBB-42FC-9F3E-10DFDAF4092E}
		{5AFBDC13-07AA-4AF5-972A-9E70909224C4} = {43C61183-A7DB-47EB-BC74-B636B37A687A}
		{4F3E42AF-B47C-433E-A091-09BED3FEE7C7} = {C59CC7F7-EDBB-42FC-9F3E-10DFDAF4092E}
		{47D6801E-6E71-4FC9-9584-474426DF9E0A} = {726B01C7-5BA6-48FE-AF5B-7EC06984D07B}
		{F1F72C66-AC9E-465B-BFA8-6E20BF2E3EFB} = {C59CC7F7-EDBB-42FC-9F3E-10DFDAF4092E}
		{84890072-7C65-4B5B-BDAC-F6ACEFA3FDD9} = {E0CACC20-BC96-483F-8116-85EDBFC24A7A}
		{DB3DC618-34CD-4F10-A606-268BFFDDC97A} = {84890072-7C65-4B5B-BDAC-F6ACEFA3FDD9}
	EndGlobalSection
EndGlobal
